// !$*UTF8*$!
{
	archiveVersion = 1;
	classes = {
	};
	objectVersion = 48;
	objects = {

/* Begin PBXBuildFile section */
		4B0131361F0E114600F35D70 /* TableInputCell.swift in Sources */ = {isa = PBXBuildFile; fileRef = 4B0131351F0E114600F35D70 /* TableInputCell.swift */; };
		4B5B9B3B1F0DDD580056E239 /* AppDelegate.swift in Sources */ = {isa = PBXBuildFile; fileRef = 4B5B9B3A1F0DDD580056E239 /* AppDelegate.swift */; };
		4B5B9B3D1F0DDD580056E239 /* TableViewController.swift in Sources */ = {isa = PBXBuildFile; fileRef = 4B5B9B3C1F0DDD580056E239 /* TableViewController.swift */; };
		4B5B9B401F0DDD580056E239 /* Main.storyboard in Resources */ = {isa = PBXBuildFile; fileRef = 4B5B9B3E1F0DDD580056E239 /* Main.storyboard */; };
		4B5B9B421F0DDD580056E239 /* Assets.xcassets in Resources */ = {isa = PBXBuildFile; fileRef = 4B5B9B411F0DDD580056E239 /* Assets.xcassets */; };
		4B5B9B451F0DDD580056E239 /* LaunchScreen.storyboard in Resources */ = {isa = PBXBuildFile; fileRef = 4B5B9B431F0DDD580056E239 /* LaunchScreen.storyboard */; };
		D12296091F0E5FEE00A6F559 /* ToDoDemoTests.swift in Sources */ = {isa = PBXBuildFile; fileRef = D12296081F0E5FEE00A6F559 /* ToDoDemoTests.swift */; };
		D1CA9FF81F0E4FA6003EA944 /* ToDoStore.swift in Sources */ = {isa = PBXBuildFile; fileRef = D1CA9FF71F0E4FA6003EA944 /* ToDoStore.swift */; };
/* End PBXBuildFile section */

/* Begin PBXContainerItemProxy section */
		D122960B1F0E5FEE00A6F559 /* PBXContainerItemProxy */ = {
			isa = PBXContainerItemProxy;
			containerPortal = 4B5B9B2F1F0DDD580056E239 /* Project object */;
			proxyType = 1;
			remoteGlobalIDString = 4B5B9B361F0DDD580056E239;
			remoteInfo = ToDoDemo;
		};
/* End PBXContainerItemProxy section */

/* Begin PBXFileReference section */
		4B0131351F0E114600F35D70 /* TableInputCell.swift */ = {isa = PBXFileReference; lastKnownFileType = sourcecode.swift; path = TableInputCell.swift; sourceTree = "<group>"; };
		4B5B9B371F0DDD580056E239 /* ToDoDemo.app */ = {isa = PBXFileReference; explicitFileType = wrapper.application; includeInIndex = 0; path = ToDoDemo.app; sourceTree = BUILT_PRODUCTS_DIR; };
		4B5B9B3A1F0DDD580056E239 /* AppDelegate.swift */ = {isa = PBXFileReference; lastKnownFileType = sourcecode.swift; path = AppDelegate.swift; sourceTree = "<group>"; };
		4B5B9B3C1F0DDD580056E239 /* TableViewController.swift */ = {isa = PBXFileReference; lastKnownFileType = sourcecode.swift; path = TableViewController.swift; sourceTree = "<group>"; };
		4B5B9B3F1F0DDD580056E239 /* Base */ = {isa = PBXFileReference; lastKnownFileType = file.storyboard; name = Base; path = Base.lproj/Main.storyboard; sourceTree = "<group>"; };
		4B5B9B411F0DDD580056E239 /* Assets.xcassets */ = {isa = PBXFileReference; lastKnownFileType = folder.assetcatalog; path = Assets.xcassets; sourceTree = "<group>"; };
		4B5B9B441F0DDD580056E239 /* Base */ = {isa = PBXFileReference; lastKnownFileType = file.storyboard; name = Base; path = Base.lproj/LaunchScreen.storyboard; sourceTree = "<group>"; };
		4B5B9B461F0DDD580056E239 /* Info.plist */ = {isa = PBXFileReference; lastKnownFileType = text.plist.xml; path = Info.plist; sourceTree = "<group>"; };
		D12296061F0E5FEE00A6F559 /* ToDoDemoTests.xctest */ = {isa = PBXFileReference; explicitFileType = wrapper.cfbundle; includeInIndex = 0; path = ToDoDemoTests.xctest; sourceTree = BUILT_PRODUCTS_DIR; };
		D12296081F0E5FEE00A6F559 /* ToDoDemoTests.swift */ = {isa = PBXFileReference; lastKnownFileType = sourcecode.swift; path = ToDoDemoTests.swift; sourceTree = "<group>"; };
		D122960A1F0E5FEE00A6F559 /* Info.plist */ = {isa = PBXFileReference; lastKnownFileType = text.plist.xml; path = Info.plist; sourceTree = "<group>"; };
		D1CA9FF71F0E4FA6003EA944 /* ToDoStore.swift */ = {isa = PBXFileReference; lastKnownFileType = sourcecode.swift; path = ToDoStore.swift; sourceTree = "<group>"; };
/* End PBXFileReference section */

/* Begin PBXFrameworksBuildPhase section */
		4B5B9B341F0DDD580056E239 /* Frameworks */ = {
			isa = PBXFrameworksBuildPhase;
			buildActionMask = 2147483647;
			files = (
			);
			runOnlyForDeploymentPostprocessing = 0;
		};
		D12296031F0E5FEE00A6F559 /* Frameworks */ = {
			isa = PBXFrameworksBuildPhase;
			buildActionMask = 2147483647;
			files = (
			);
			runOnlyForDeploymentPostprocessing = 0;
		};
/* End PBXFrameworksBuildPhase section */

/* Begin PBXGroup section */
		4B5B9B2E1F0DDD580056E239 = {
			isa = PBXGroup;
			children = (
				4B5B9B391F0DDD580056E239 /* ToDoDemo */,
				D12296071F0E5FEE00A6F559 /* ToDoDemoTests */,
				4B5B9B381F0DDD580056E239 /* Products */,
			);
			sourceTree = "<group>";
		};
		4B5B9B381F0DDD580056E239 /* Products */ = {
			isa = PBXGroup;
			children = (
				4B5B9B371F0DDD580056E239 /* ToDoDemo.app */,
				D12296061F0E5FEE00A6F559 /* ToDoDemoTests.xctest */,
			);
			name = Products;
			sourceTree = "<group>";
		};
		4B5B9B391F0DDD580056E239 /* ToDoDemo */ = {
			isa = PBXGroup;
			children = (
				4B5B9B3A1F0DDD580056E239 /* AppDelegate.swift */,
				4B5B9B3C1F0DDD580056E239 /* TableViewController.swift */,
				4B0131351F0E114600F35D70 /* TableInputCell.swift */,
				D1CA9FF71F0E4FA6003EA944 /* ToDoStore.swift */,
				4B5B9B3E1F0DDD580056E239 /* Main.storyboard */,
				4B5B9B411F0DDD580056E239 /* Assets.xcassets */,
				4B5B9B431F0DDD580056E239 /* LaunchScreen.storyboard */,
				4B5B9B461F0DDD580056E239 /* Info.plist */,
			);
			path = ToDoDemo;
			sourceTree = "<group>";
		};
		D12296071F0E5FEE00A6F559 /* ToDoDemoTests */ = {
			isa = PBXGroup;
			children = (
				D12296081F0E5FEE00A6F559 /* ToDoDemoTests.swift */,
				D122960A1F0E5FEE00A6F559 /* Info.plist */,
			);
			path = ToDoDemoTests;
			sourceTree = "<group>";
		};
/* End PBXGroup section */

/* Begin PBXNativeTarget section */
		4B5B9B361F0DDD580056E239 /* ToDoDemo */ = {
			isa = PBXNativeTarget;
			buildConfigurationList = 4B5B9B491F0DDD580056E239 /* Build configuration list for PBXNativeTarget "ToDoDemo" */;
			buildPhases = (
				4B5B9B331F0DDD580056E239 /* Sources */,
				4B5B9B341F0DDD580056E239 /* Frameworks */,
				4B5B9B351F0DDD580056E239 /* Resources */,
			);
			buildRules = (
			);
			dependencies = (
			);
			name = ToDoDemo;
			productName = ToDoDemo;
			productReference = 4B5B9B371F0DDD580056E239 /* ToDoDemo.app */;
			productType = "com.apple.product-type.application";
		};
		D12296051F0E5FEE00A6F559 /* ToDoDemoTests */ = {
			isa = PBXNativeTarget;
			buildConfigurationList = D122960F1F0E5FEE00A6F559 /* Build configuration list for PBXNativeTarget "ToDoDemoTests" */;
			buildPhases = (
				D12296021F0E5FEE00A6F559 /* Sources */,
				D12296031F0E5FEE00A6F559 /* Frameworks */,
				D12296041F0E5FEE00A6F559 /* Resources */,
			);
			buildRules = (
			);
			dependencies = (
				D122960C1F0E5FEE00A6F559 /* PBXTargetDependency */,
			);
			name = ToDoDemoTests;
			productName = ToDoDemoTests;
			productReference = D12296061F0E5FEE00A6F559 /* ToDoDemoTests.xctest */;
			productType = "com.apple.product-type.bundle.unit-test";
		};
/* End PBXNativeTarget section */

/* Begin PBXProject section */
		4B5B9B2F1F0DDD580056E239 /* Project object */ = {
			isa = PBXProject;
			attributes = {
				LastSwiftUpdateCheck = 0900;
				LastUpgradeCheck = 0900;
				ORGANIZATIONNAME = "OneV's Den";
				TargetAttributes = {
					4B5B9B361F0DDD580056E239 = {
						CreatedOnToolsVersion = 9.0;
					};
					D12296051F0E5FEE00A6F559 = {
						CreatedOnToolsVersion = 9.0;
						TestTargetID = 4B5B9B361F0DDD580056E239;
					};
				};
			};
			buildConfigurationList = 4B5B9B321F0DDD580056E239 /* Build configuration list for PBXProject "ToDoDemo" */;
			compatibilityVersion = "Xcode 8.0";
			developmentRegion = en;
			hasScannedForEncodings = 0;
			knownRegions = (
				en,
				Base,
			);
			mainGroup = 4B5B9B2E1F0DDD580056E239;
			productRefGroup = 4B5B9B381F0DDD580056E239 /* Products */;
			projectDirPath = "";
			projectRoot = "";
			targets = (
				4B5B9B361F0DDD580056E239 /* ToDoDemo */,
				D12296051F0E5FEE00A6F559 /* ToDoDemoTests */,
			);
		};
/* End PBXProject section */

/* Begin PBXResourcesBuildPhase section */
		4B5B9B351F0DDD580056E239 /* Resources */ = {
			isa = PBXResourcesBuildPhase;
			buildActionMask = 2147483647;
			files = (
				4B5B9B451F0DDD580056E239 /* LaunchScreen.storyboard in Resources */,
				4B5B9B421F0DDD580056E239 /* Assets.xcassets in Resources */,
				4B5B9B401F0DDD580056E239 /* Main.storyboard in Resources */,
			);
			runOnlyForDeploymentPostprocessing = 0;
		};
		D12296041F0E5FEE00A6F559 /* Resources */ = {
			isa = PBXResourcesBuildPhase;
			buildActionMask = 2147483647;
			files = (
			);
			runOnlyForDeploymentPostprocessing = 0;
		};
/* End PBXResourcesBuildPhase section */

/* Begin PBXSourcesBuildPhase section */
		4B5B9B331F0DDD580056E239 /* Sources */ = {
			isa = PBXSourcesBuildPhase;
			buildActionMask = 2147483647;
			files = (
				4B5B9B3D1F0DDD580056E239 /* TableViewController.swift in Sources */,
				D1CA9FF81F0E4FA6003EA944 /* ToDoStore.swift in Sources */,
				4B0131361F0E114600F35D70 /* TableInputCell.swift in Sources */,
				4B5B9B3B1F0DDD580056E239 /* AppDelegate.swift in Sources */,
			);
			runOnlyForDeploymentPostprocessing = 0;
		};
		D12296021F0E5FEE00A6F559 /* Sources */ = {
			isa = PBXSourcesBuildPhase;
			buildActionMask = 2147483647;
			files = (
				D12296091F0E5FEE00A6F559 /* ToDoDemoTests.swift in Sources */,
			);
			runOnlyForDeploymentPostprocessing = 0;
		};
/* End PBXSourcesBuildPhase section */

/* Begin PBXTargetDependency section */
		D122960C1F0E5FEE00A6F559 /* PBXTargetDependency */ = {
			isa = PBXTargetDependency;
			target = 4B5B9B361F0DDD580056E239 /* ToDoDemo */;
			targetProxy = D122960B1F0E5FEE00A6F559 /* PBXContainerItemProxy */;
		};
/* End PBXTargetDependency section */

/* Begin PBXVariantGroup section */
		4B5B9B3E1F0DDD580056E239 /* Main.storyboard */ = {
			isa = PBXVariantGroup;
			children = (
				4B5B9B3F1F0DDD580056E239 /* Base */,
			);
			name = Main.storyboard;
			sourceTree = "<group>";
		};
		4B5B9B431F0DDD580056E239 /* LaunchScreen.storyboard */ = {
			isa = PBXVariantGroup;
			children = (
				4B5B9B441F0DDD580056E239 /* Base */,
			);
			name = LaunchScreen.storyboard;
			sourceTree = "<group>";
		};
/* End PBXVariantGroup section */

/* Begin XCBuildConfiguration section */
		4B5B9B471F0DDD580056E239 /* Debug */ = {
			isa = XCBuildConfiguration;
			buildSettings = {
				ALWAYS_SEARCH_USER_PATHS = NO;
				CLANG_ANALYZER_NONNULL = YES;
				CLANG_ANALYZER_NUMBER_OBJECT_CONVERSION = YES_AGGRESSIVE;
				CLANG_CXX_LANGUAGE_STANDARD = "gnu++14";
				CLANG_CXX_LIBRARY = "libc++";
				CLANG_ENABLE_MODULES = YES;
				CLANG_ENABLE_OBJC_ARC = YES;
				CLANG_WARN_BLOCK_CAPTURE_AUTORELEASING = YES;
				CLANG_WARN_BOOL_CONVERSION = YES;
				CLANG_WARN_COMMA = YES;
				CLANG_WARN_CONSTANT_CONVERSION = YES;
				CLANG_WARN_DIRECT_OBJC_ISA_USAGE = YES_ERROR;
				CLANG_WARN_DOCUMENTATION_COMMENTS = YES;
				CLANG_WARN_EMPTY_BODY = YES;
				CLANG_WARN_ENUM_CONVERSION = YES;
				CLANG_WARN_INFINITE_RECURSION = YES;
				CLANG_WARN_INT_CONVERSION = YES;
				CLANG_WARN_OBJC_ROOT_CLASS = YES_ERROR;
				CLANG_WARN_RANGE_LOOP_ANALYSIS = YES;
				CLANG_WARN_STRICT_PROTOTYPES = YES;
				CLANG_WARN_SUSPICIOUS_MOVE = YES;
				CLANG_WARN_UNGUARDED_AVAILABILITY = YES_AGGRESSIVE;
				CLANG_WARN_UNREACHABLE_CODE = YES;
				CLANG_WARN__DUPLICATE_METHOD_MATCH = YES;
				CODE_SIGN_IDENTITY = "iPhone Developer";
				COPY_PHASE_STRIP = NO;
				DEBUG_INFORMATION_FORMAT = dwarf;
				ENABLE_STRICT_OBJC_MSGSEND = YES;
				ENABLE_TESTABILITY = YES;
				GCC_C_LANGUAGE_STANDARD = gnu11;
				GCC_DYNAMIC_NO_PIC = NO;
				GCC_NO_COMMON_BLOCKS = YES;
				GCC_OPTIMIZATION_LEVEL = 0;
				GCC_PREPROCESSOR_DEFINITIONS = (
					"DEBUG=1",
					"$(inherited)",
				);
				GCC_WARN_64_TO_32_BIT_CONVERSION = YES;
				GCC_WARN_ABOUT_RETURN_TYPE = YES_ERROR;
				GCC_WARN_UNDECLARED_SELECTOR = YES;
				GCC_WARN_UNINITIALIZED_AUTOS = YES_AGGRESSIVE;
				GCC_WARN_UNUSED_FUNCTION = YES;
				GCC_WARN_UNUSED_VARIABLE = YES;
				IPHONEOS_DEPLOYMENT_TARGET = 11.0;
				MTL_ENABLE_DEBUG_INFO = YES;
				ONLY_ACTIVE_ARCH = YES;
				SDKROOT = iphoneos;
				SWIFT_ACTIVE_COMPILATION_CONDITIONS = DEBUG;
				SWIFT_OPTIMIZATION_LEVEL = "-Onone";
			};
			name = Debug;
		};
		4B5B9B481F0DDD580056E239 /* Release */ = {
			isa = XCBuildConfiguration;
			buildSettings = {
				ALWAYS_SEARCH_USER_PATHS = NO;
				CLANG_ANALYZER_NONNULL = YES;
				CLANG_ANALYZER_NUMBER_OBJECT_CONVERSION = YES_AGGRESSIVE;
				CLANG_CXX_LANGUAGE_STANDARD = "gnu++14";
				CLANG_CXX_LIBRARY = "libc++";
				CLANG_ENABLE_MODULES = YES;
				CLANG_ENABLE_OBJC_ARC = YES;
				CLANG_WARN_BLOCK_CAPTURE_AUTORELEASING = YES;
				CLANG_WARN_BOOL_CONVERSION = YES;
				CLANG_WARN_COMMA = YES;
				CLANG_WARN_CONSTANT_CONVERSION = YES;
				CLANG_WARN_DIRECT_OBJC_ISA_USAGE = YES_ERROR;
				CLANG_WARN_DOCUMENTATION_COMMENTS = YES;
				CLANG_WARN_EMPTY_BODY = YES;
				CLANG_WARN_ENUM_CONVERSION = YES;
				CLANG_WARN_INFINITE_RECURSION = YES;
				CLANG_WARN_INT_CONVERSION = YES;
				CLANG_WARN_OBJC_ROOT_CLASS = YES_ERROR;
				CLANG_WARN_RANGE_LOOP_ANALYSIS = YES;
				CLANG_WARN_STRICT_PROTOTYPES = YES;
				CLANG_WARN_SUSPICIOUS_MOVE = YES;
				CLANG_WARN_UNGUARDED_AVAILABILITY = YES_AGGRESSIVE;
				CLANG_WARN_UNREACHABLE_CODE = YES;
				CLANG_WARN__DUPLICATE_METHOD_MATCH = YES;
				CODE_SIGN_IDENTITY = "iPhone Developer";
				COPY_PHASE_STRIP = NO;
				DEBUG_INFORMATION_FORMAT = "dwarf-with-dsym";
				ENABLE_NS_ASSERTIONS = NO;
				ENABLE_STRICT_OBJC_MSGSEND = YES;
				GCC_C_LANGUAGE_STANDARD = gnu11;
				GCC_NO_COMMON_BLOCKS = YES;
				GCC_WARN_64_TO_32_BIT_CONVERSION = YES;
				GCC_WARN_ABOUT_RETURN_TYPE = YES_ERROR;
				GCC_WARN_UNDECLARED_SELECTOR = YES;
				GCC_WARN_UNINITIALIZED_AUTOS = YES_AGGRESSIVE;
				GCC_WARN_UNUSED_FUNCTION = YES;
				GCC_WARN_UNUSED_VARIABLE = YES;
				IPHONEOS_DEPLOYMENT_TARGET = 11.0;
				MTL_ENABLE_DEBUG_INFO = NO;
				SDKROOT = iphoneos;
				SWIFT_OPTIMIZATION_LEVEL = "-Owholemodule";
				VALIDATE_PRODUCT = YES;
			};
			name = Release;
		};
		4B5B9B4A1F0DDD580056E239 /* Debug */ = {
			isa = XCBuildConfiguration;
			buildSettings = {
				ASSETCATALOG_COMPILER_APPICON_NAME = AppIcon;
				INFOPLIST_FILE = ToDoDemo/Info.plist;
				LD_RUNPATH_SEARCH_PATHS = "$(inherited) @executable_path/Frameworks";
				PRODUCT_BUNDLE_IDENTIFIER = com.onevcat.ToDoDemo;
				PRODUCT_NAME = "$(TARGET_NAME)";
				SWIFT_VERSION = 4.0;
				TARGETED_DEVICE_FAMILY = "1,2";
			};
			name = Debug;
		};
		4B5B9B4B1F0DDD580056E239 /* Release */ = {
			isa = XCBuildConfiguration;
			buildSettings = {
				ASSETCATALOG_COMPILER_APPICON_NAME = AppIcon;
				INFOPLIST_FILE = ToDoDemo/Info.plist;
				LD_RUNPATH_SEARCH_PATHS = "$(inherited) @executable_path/Frameworks";
				PRODUCT_BUNDLE_IDENTIFIER = com.onevcat.ToDoDemo;
				PRODUCT_NAME = "$(TARGET_NAME)";
				SWIFT_VERSION = 4.0;
				TARGETED_DEVICE_FAMILY = "1,2";
			};
			name = Release;
		};
		D122960D1F0E5FEE00A6F559 /* Debug */ = {
			isa = XCBuildConfiguration;
			buildSettings = {
				BUNDLE_LOADER = "$(TEST_HOST)";
				INFOPLIST_FILE = ToDoDemoTests/Info.plist;
				LD_RUNPATH_SEARCH_PATHS = "$(inherited) @executable_path/Frameworks @loader_path/Frameworks";
				PRODUCT_BUNDLE_IDENTIFIER = com.onevcat.ToDoDemoTests;
				PRODUCT_NAME = "$(TARGET_NAME)";
				SWIFT_VERSION = 4.0;
				TARGETED_DEVICE_FAMILY = "1,2";
				TEST_HOST = "$(BUILT_PRODUCTS_DIR)/ToDoDemo.app/ToDoDemo";
			};
			name = Debug;
		};
		D122960E1F0E5FEE00A6F559 /* Release */ = {
			isa = XCBuildConfiguration;
			buildSettings = {
				BUNDLE_LOADER = "$(TEST_HOST)";
				INFOPLIST_FILE = ToDoDemoTests/Info.plist;
				LD_RUNPATH_SEARCH_PATHS = "$(inherited) @executable_path/Frameworks @loader_path/Frameworks";
				PRODUCT_BUNDLE_IDENTIFIER = com.onevcat.ToDoDemoTests;
				PRODUCT_NAME = "$(TARGET_NAME)";
				SWIFT_VERSION = 4.0;
				TARGETED_DEVICE_FAMILY = "1,2";
				TEST_HOST = "$(BUILT_PRODUCTS_DIR)/ToDoDemo.app/ToDoDemo";
			};
			name = Release;
		};
/* End XCBuildConfiguration section */

/* Begin XCConfigurationList section */
		4B5B9B321F0DDD580056E239 /* Build configuration list for PBXProject "ToDoDemo" */ = {
			isa = XCConfigurationList;
			buildConfigurations = (
				4B5B9B471F0DDD580056E239 /* Debug */,
				4B5B9B481F0DDD580056E239 /* Release */,
			);
			defaultConfigurationIsVisible = 0;
			defaultConfigurationName = Release;
		};
		4B5B9B491F0DDD580056E239 /* Build configuration list for PBXNativeTarget "ToDoDemo" */ = {
			isa = XCConfigurationList;
			buildConfigurations = (
				4B5B9B4A1F0DDD580056E239 /* Debug */,
				4B5B9B4B1F0DDD580056E239 /* Release */,
			);
			defaultConfigurationIsVisible = 0;
			defaultConfigurationName = Release;
		};
		D122960F1F0E5FEE00A6F559 /* Build configuration list for PBXNativeTarget "ToDoDemoTests" */ = {
			isa = XCConfigurationList;
			buildConfigurations = (
				D122960D1F0E5FEE00A6F559 /* Debug */,
				D122960E1F0E5FEE00A6F559 /* Release */,
			);
			defaultConfigurationIsVisible = 0;
		};
/* End XCConfigurationList section */
	};
	rootObject = 4B5B9B2F1F0DDD580056E239 /* Project object */;
}
